{
  "name": "Java",
  "version": "0.1.0",
  "lockfileVersion": 3,
  "requires": true,
  "packages": {
    "": {
      "name": "Java",
      "version": "0.1.0",
      "license": "MIT",
      "dependencies": {
        "Java": "file:"
      }
    },
    "node_modules/Java": {
      "resolved": "",
      "link": true
    }
  }
}
